
Microsoft Visual Studio Solution File, Format Version 12.00
# Visual Studio Version 16
VisualStudioVersion = 16.0.30114.105
MinimumVisualStudioVersion = 10.0.40219.1
Project("{FAE04EC0-301F-11D3-BF4B-00C04F79EFBC}") = "AutoBackup.Console", "Simple\Console\AutoBackup.Console\AutoBackup.Console.csproj", "{FA724B7C-FEA9-41EC-AD60-B860C70CB5B4}"
EndProject
Global
	GlobalSection(SolutionConfigurationPlatforms) = preSolution
		Debug|Any CPU = Debug|Any CPU
		Release|Any CPU = Release|Any CPU
	EndGlobalSection
	GlobalSection(ProjectConfigurationPlatforms) = postSolution
		{FA724B7C-FEA9-41EC-AD60-B860C70CB5B4}.Debug|Any CPU.ActiveCfg = Debug|Any CPU
		{FA724B7C-FEA9-41EC-AD60-B860C70CB5B4}.Debug|Any CPU.Build.0 = Debug|Any CPU
		{FA724B7C-FEA9-41EC-AD60-B860C70CB5B4}.Release|Any CPU.ActiveCfg = Release|Any CPU
		{FA724B7C-FEA9-41EC-AD60-B860C70CB5B4}.Release|Any CPU.Build.0 = Release|Any CPU
	EndGlobalSection
	GlobalSection(SolutionProperties) = preSolution
		HideSolutionNode = FALSE
	EndGlobalSection
	GlobalSection(ExtensibilityGlobals) = postSolution
		SolutionGuid = {A4289E70-AE53-4CB4-9598-F36CB93B0491}
	EndGlobalSection
EndGlobal
